
Microsoft Visual Studio Solution File, Format Version 12.00
# Visual Studio 2012
Project("{FAE04EC0-301F-11D3-BF4B-00C04F79EFBC}") = "StenoCryptor.Web", "StenoCryptor.Web\StenoCryptor.Web.csproj", "{05AB228F-F644-42E6-B562-54642113C987}"
EndProject
Project("{FAE04EC0-301F-11D3-BF4B-00C04F79EFBC}") = "StenoCryptor.Interfaces", "StenoCryptor.Interfaces\StenoCryptor.Interfaces.csproj", "{61EB1957-1E60-40E7-8787-EAF4CA8E25B2}"
EndProject
Project("{FAE04EC0-301F-11D3-BF4B-00C04F79EFBC}") = "StenoCryptor.Engyne", "StenoCryptor.Engyne\StenoCryptor.Engyne.csproj", "{72B1CFEC-A3E8-46B0-B07E-13D3649186B6}"
EndProject
Project("{2150E333-8FDC-42A3-9474-1A3956D46DE8}") = ".nuget", ".nuget", "{901762F7-052B-49AE-BE04-C6886A2F3D91}"
	ProjectSection(SolutionItems) = preProject
		.nuget\packages.config = .nuget\packages.config
	EndProjectSection
EndProject
Project("{FAE04EC0-301F-11D3-BF4B-00C04F79EFBC}") = "StenoCryptor.Commons", "StenoCryptor.Commons\StenoCryptor.Commons.csproj", "{FF6DBB51-3CB8-40C4-9005-DBB0CD11B007}"
EndProject
Global
	GlobalSection(SolutionConfigurationPlatforms) = preSolution
		Debug|Any CPU = Debug|Any CPU
		Release|Any CPU = Release|Any CPU
	EndGlobalSection
	GlobalSection(ProjectConfigurationPlatforms) = postSolution
		{05AB228F-F644-42E6-B562-54642113C987}.Debug|Any CPU.ActiveCfg = Debug|Any CPU
		{05AB228F-F644-42E6-B562-54642113C987}.Debug|Any CPU.Build.0 = Debug|Any CPU
		{05AB228F-F644-42E6-B562-54642113C987}.Release|Any CPU.ActiveCfg = Release|Any CPU
		{05AB228F-F644-42E6-B562-54642113C987}.Release|Any CPU.Build.0 = Release|Any CPU
		{61EB1957-1E60-40E7-8787-EAF4CA8E25B2}.Debug|Any CPU.ActiveCfg = Debug|Any CPU
		{61EB1957-1E60-40E7-8787-EAF4CA8E25B2}.Debug|Any CPU.Build.0 = Debug|Any CPU
		{61EB1957-1E60-40E7-8787-EAF4CA8E25B2}.Release|Any CPU.ActiveCfg = Release|Any CPU
		{61EB1957-1E60-40E7-8787-EAF4CA8E25B2}.Release|Any CPU.Build.0 = Release|Any CPU
		{72B1CFEC-A3E8-46B0-B07E-13D3649186B6}.Debug|Any CPU.ActiveCfg = Debug|Any CPU
		{72B1CFEC-A3E8-46B0-B07E-13D3649186B6}.Debug|Any CPU.Build.0 = Debug|Any CPU
		{72B1CFEC-A3E8-46B0-B07E-13D3649186B6}.Release|Any CPU.ActiveCfg = Release|Any CPU
		{72B1CFEC-A3E8-46B0-B07E-13D3649186B6}.Release|Any CPU.Build.0 = Release|Any CPU
		{FF6DBB51-3CB8-40C4-9005-DBB0CD11B007}.Debug|Any CPU.ActiveCfg = Debug|Any CPU
		{FF6DBB51-3CB8-40C4-9005-DBB0CD11B007}.Debug|Any CPU.Build.0 = Debug|Any CPU
		{FF6DBB51-3CB8-40C4-9005-DBB0CD11B007}.Release|Any CPU.ActiveCfg = Release|Any CPU
		{FF6DBB51-3CB8-40C4-9005-DBB0CD11B007}.Release|Any CPU.Build.0 = Release|Any CPU
	EndGlobalSection
	GlobalSection(SolutionProperties) = preSolution
		HideSolutionNode = FALSE
	EndGlobalSection
	GlobalSection(ExtensibilityGlobals) = postSolution
		EnterpriseLibraryConfigurationToolBinariesPath = packages\Unity.2.1.505.2\lib\NET35
	EndGlobalSection
EndGlobal
